
Microsoft Visual Studio Solution File, Format Version 12.00
Project("{FAE04EC0-301F-11D3-BF4B-00C04F79EFBC}") = "Helium.Demo", "Helium.Demo\Helium.Demo.csproj", "{9F49BC90-E8DC-4623-A9EC-519F19F134B9}"
EndProject
Project("{FAE04EC0-301F-11D3-BF4B-00C04F79EFBC}") = "Helium.Buttons", "Helium.Buttons\Helium.Buttons.csproj", "{9A5140F2-1C42-45A3-9024-A2147F52998F}"
EndProject
Project("{FAE04EC0-301F-11D3-BF4B-00C04F79EFBC}") = "Helium.Values", "Helium.Values\Helium.Values.csproj", "{CF495872-E417-46DB-8DE5-998BF4D9F851}"
EndProject
Project("{FAE04EC0-301F-11D3-BF4B-00C04F79EFBC}") = "Helium.Window", "Helium.Window\Helium.Window.csproj", "{88FD085A-674F-496A-BA5D-8A02AAEBE6BA}"
EndProject
Global
	GlobalSection(SolutionConfigurationPlatforms) = preSolution
		Debug|Any CPU = Debug|Any CPU
		Release|Any CPU = Release|Any CPU
	EndGlobalSection
	GlobalSection(ProjectConfigurationPlatforms) = postSolution
		{9F49BC90-E8DC-4623-A9EC-519F19F134B9}.Debug|Any CPU.ActiveCfg = Debug|Any CPU
		{9F49BC90-E8DC-4623-A9EC-519F19F134B9}.Debug|Any CPU.Build.0 = Debug|Any CPU
		{9F49BC90-E8DC-4623-A9EC-519F19F134B9}.Release|Any CPU.ActiveCfg = Release|Any CPU
		{9F49BC90-E8DC-4623-A9EC-519F19F134B9}.Release|Any CPU.Build.0 = Release|Any CPU
		{9A5140F2-1C42-45A3-9024-A2147F52998F}.Debug|Any CPU.ActiveCfg = Debug|Any CPU
		{9A5140F2-1C42-45A3-9024-A2147F52998F}.Debug|Any CPU.Build.0 = Debug|Any CPU
		{9A5140F2-1C42-45A3-9024-A2147F52998F}.Release|Any CPU.ActiveCfg = Release|Any CPU
		{9A5140F2-1C42-45A3-9024-A2147F52998F}.Release|Any CPU.Build.0 = Release|Any CPU
		{CF495872-E417-46DB-8DE5-998BF4D9F851}.Debug|Any CPU.ActiveCfg = Debug|Any CPU
		{CF495872-E417-46DB-8DE5-998BF4D9F851}.Debug|Any CPU.Build.0 = Debug|Any CPU
		{CF495872-E417-46DB-8DE5-998BF4D9F851}.Release|Any CPU.ActiveCfg = Release|Any CPU
		{CF495872-E417-46DB-8DE5-998BF4D9F851}.Release|Any CPU.Build.0 = Release|Any CPU
		{88FD085A-674F-496A-BA5D-8A02AAEBE6BA}.Debug|Any CPU.ActiveCfg = Debug|Any CPU
		{88FD085A-674F-496A-BA5D-8A02AAEBE6BA}.Debug|Any CPU.Build.0 = Debug|Any CPU
		{88FD085A-674F-496A-BA5D-8A02AAEBE6BA}.Release|Any CPU.ActiveCfg = Release|Any CPU
		{88FD085A-674F-496A-BA5D-8A02AAEBE6BA}.Release|Any CPU.Build.0 = Release|Any CPU
	EndGlobalSection
	GlobalSection(NestedProjects) = preSolution
	EndGlobalSection
EndGlobal
